// !$*UTF8*$!
{
	archiveVersion = 1;
	classes = {
	};
	objectVersion = 55;
	objects = {

/* Begin PBXBuildFile section */
		460A380C28AAAB7800206AE0 /* AppDelegate.swift in Sources */ = {isa = PBXBuildFile; fileRef = 460A380B28AAAB7800206AE0 /* AppDelegate.swift */; };
		460A380E28AAAB7800206AE0 /* SceneDelegate.swift in Sources */ = {isa = PBXBuildFile; fileRef = 460A380D28AAAB7800206AE0 /* SceneDelegate.swift */; };
		460A381028AAAB7800206AE0 /* ViewController.swift in Sources */ = {isa = PBXBuildFile; fileRef = 460A380F28AAAB7800206AE0 /* ViewController.swift */; };
		460A381328AAAB7800206AE0 /* Main.storyboard in Resources */ = {isa = PBXBuildFile; fileRef = 460A381128AAAB7800206AE0 /* Main.storyboard */; };
		460A381628AAAB7800206AE0 /* Create_Bottom_Card.xcdatamodeld in Sources */ = {isa = PBXBuildFile; fileRef = 460A381428AAAB7800206AE0 /* Create_Bottom_Card.xcdatamodeld */; };
		460A381828AAAB7A00206AE0 /* Assets.xcassets in Resources */ = {isa = PBXBuildFile; fileRef = 460A381728AAAB7A00206AE0 /* Assets.xcassets */; };
		460A381B28AAAB7A00206AE0 /* LaunchScreen.storyboard in Resources */ = {isa = PBXBuildFile; fileRef = 460A381928AAAB7A00206AE0 /* LaunchScreen.storyboard */; };
		460E5BFB28E0F713003EC60B /* SecondViewController.swift in Sources */ = {isa = PBXBuildFile; fileRef = 460E5BFA28E0F713003EC60B /* SecondViewController.swift */; };
		E996B84BA042C0E7EA4B706A /* Pods_Create_Bottom_Card.framework in Frameworks */ = {isa = PBXBuildFile; fileRef = C634A37A826322DAF68AF0C5 /* Pods_Create_Bottom_Card.framework */; };
/* End PBXBuildFile section */

/* Begin PBXFileReference section */
		0FAC18D5A021195188D19E96 /* Pods-Create Bottom Card.debug.xcconfig */ = {isa = PBXFileReference; includeInIndex = 1; lastKnownFileType = text.xcconfig; name = "Pods-Create Bottom Card.debug.xcconfig"; path = "Target Support Files/Pods-Create Bottom Card/Pods-Create Bottom Card.debug.xcconfig"; sourceTree = "<group>"; };
		3E19DDF50EBF7424F59E7270 /* Pods-Create Bottom Card.release.xcconfig */ = {isa = PBXFileReference; includeInIndex = 1; lastKnownFileType = text.xcconfig; name = "Pods-Create Bottom Card.release.xcconfig"; path = "Target Support Files/Pods-Create Bottom Card/Pods-Create Bottom Card.release.xcconfig"; sourceTree = "<group>"; };
		460A380828AAAB7800206AE0 /* Create Bottom Card.app */ = {isa = PBXFileReference; explicitFileType = wrapper.application; includeInIndex = 0; path = "Create Bottom Card.app"; sourceTree = BUILT_PRODUCTS_DIR; };
		460A380B28AAAB7800206AE0 /* AppDelegate.swift */ = {isa = PBXFileReference; lastKnownFileType = sourcecode.swift; path = AppDelegate.swift; sourceTree = "<group>"; };
		460A380D28AAAB7800206AE0 /* SceneDelegate.swift */ = {isa = PBXFileReference; lastKnownFileType = sourcecode.swift; path = SceneDelegate.swift; sourceTree = "<group>"; };
		460A380F28AAAB7800206AE0 /* ViewController.swift */ = {isa = PBXFileReference; lastKnownFileType = sourcecode.swift; path = ViewController.swift; sourceTree = "<group>"; };
		460A381228AAAB7800206AE0 /* Base */ = {isa = PBXFileReference; lastKnownFileType = file.storyboard; name = Base; path = Base.lproj/Main.storyboard; sourceTree = "<group>"; };
		460A381528AAAB7800206AE0 /* Create_Bottom_Card.xcdatamodel */ = {isa = PBXFileReference; lastKnownFileType = wrapper.xcdatamodel; path = Create_Bottom_Card.xcdatamodel; sourceTree = "<group>"; };
		460A381728AAAB7A00206AE0 /* Assets.xcassets */ = {isa = PBXFileReference; lastKnownFileType = folder.assetcatalog; path = Assets.xcassets; sourceTree = "<group>"; };
		460A381A28AAAB7A00206AE0 /* Base */ = {isa = PBXFileReference; lastKnownFileType = file.storyboard; name = Base; path = Base.lproj/LaunchScreen.storyboard; sourceTree = "<group>"; };
		460A381C28AAAB7A00206AE0 /* Info.plist */ = {isa = PBXFileReference; lastKnownFileType = text.plist.xml; path = Info.plist; sourceTree = "<group>"; };
		460E5BFA28E0F713003EC60B /* SecondViewController.swift */ = {isa = PBXFileReference; lastKnownFileType = sourcecode.swift; path = SecondViewController.swift; sourceTree = "<group>"; };
		C634A37A826322DAF68AF0C5 /* Pods_Create_Bottom_Card.framework */ = {isa = PBXFileReference; explicitFileType = wrapper.framework; includeInIndex = 0; path = Pods_Create_Bottom_Card.framework; sourceTree = BUILT_PRODUCTS_DIR; };
/* End PBXFileReference section */

/* Begin PBXFrameworksBuildPhase section */
		460A380528AAAB7800206AE0 /* Frameworks */ = {
			isa = PBXFrameworksBuildPhase;
			buildActionMask = 2147483647;
			files = (
				E996B84BA042C0E7EA4B706A /* Pods_Create_Bottom_Card.framework in Frameworks */,
			);
			runOnlyForDeploymentPostprocessing = 0;
		};
/* End PBXFrameworksBuildPhase section */

/* Begin PBXGroup section */
		460A37FF28AAAB7700206AE0 = {
			isa = PBXGroup;
			children = (
				460A380A28AAAB7800206AE0 /* Create Bottom Card */,
				460A380928AAAB7800206AE0 /* Products */,
				E4A38FEAE11798AE23F9CC9E /* Pods */,
				F3D0C6269484D9A18C46AE96 /* Frameworks */,
			);
			sourceTree = "<group>";
		};
		460A380928AAAB7800206AE0 /* Products */ = {
			isa = PBXGroup;
			children = (
				460A380828AAAB7800206AE0 /* Create Bottom Card.app */,
			);
			name = Products;
			sourceTree = "<group>";
		};
		460A380A28AAAB7800206AE0 /* Create Bottom Card */ = {
			isa = PBXGroup;
			children = (
				460A380B28AAAB7800206AE0 /* AppDelegate.swift */,
				460A380D28AAAB7800206AE0 /* SceneDelegate.swift */,
				460A380F28AAAB7800206AE0 /* ViewController.swift */,
				460E5BFA28E0F713003EC60B /* SecondViewController.swift */,
				460A381128AAAB7800206AE0 /* Main.storyboard */,
				460A381728AAAB7A00206AE0 /* Assets.xcassets */,
				460A381928AAAB7A00206AE0 /* LaunchScreen.storyboard */,
				460A381C28AAAB7A00206AE0 /* Info.plist */,
				460A381428AAAB7800206AE0 /* Create_Bottom_Card.xcdatamodeld */,
			);
			path = "Create Bottom Card";
			sourceTree = "<group>";
		};
		E4A38FEAE11798AE23F9CC9E /* Pods */ = {
			isa = PBXGroup;
			children = (
				0FAC18D5A021195188D19E96 /* Pods-Create Bottom Card.debug.xcconfig */,
				3E19DDF50EBF7424F59E7270 /* Pods-Create Bottom Card.release.xcconfig */,
			);
			path = Pods;
			sourceTree = "<group>";
		};
		F3D0C6269484D9A18C46AE96 /* Frameworks */ = {
			isa = PBXGroup;
			children = (
				C634A37A826322DAF68AF0C5 /* Pods_Create_Bottom_Card.framework */,
			);
			name = Frameworks;
			sourceTree = "<group>";
		};
/* End PBXGroup section */

/* Begin PBXNativeTarget section */
		460A380728AAAB7800206AE0 /* Create Bottom Card */ = {
			isa = PBXNativeTarget;
			buildConfigurationList = 460A381F28AAAB7A00206AE0 /* Build configuration list for PBXNativeTarget "Create Bottom Card" */;
			buildPhases = (
				5E2AFF7A88DD0EF82FED7E78 /* [CP] Check Pods Manifest.lock */,
				460A380428AAAB7800206AE0 /* Sources */,
				460A380528AAAB7800206AE0 /* Frameworks */,
				460A380628AAAB7800206AE0 /* Resources */,
				C8F316AEE529F0C951C5DB2A /* [CP] Embed Pods Frameworks */,
			);
			buildRules = (
			);
			dependencies = (
			);
			name = "Create Bottom Card";
			productName = "Create Bottom Card";
			productReference = 460A380828AAAB7800206AE0 /* Create Bottom Card.app */;
			productType = "com.apple.product-type.application";
		};
/* End PBXNativeTarget section */

/* Begin PBXProject section */
		460A380028AAAB7800206AE0 /* Project object */ = {
			isa = PBXProject;
			attributes = {
				BuildIndependentTargetsInParallel = 1;
				LastSwiftUpdateCheck = 1340;
				LastUpgradeCheck = 1340;
				TargetAttributes = {
					460A380728AAAB7800206AE0 = {
						CreatedOnToolsVersion = 13.4.1;
					};
				};
			};
			buildConfigurationList = 460A380328AAAB7800206AE0 /* Build configuration list for PBXProject "Create Bottom Card" */;
			compatibilityVersion = "Xcode 13.0";
			developmentRegion = en;
			hasScannedForEncodings = 0;
			knownRegions = (
				en,
				Base,
			);
			mainGroup = 460A37FF28AAAB7700206AE0;
			productRefGroup = 460A380928AAAB7800206AE0 /* Products */;
			projectDirPath = "";
			projectRoot = "";
			targets = (
				460A380728AAAB7800206AE0 /* Create Bottom Card */,
			);
		};
/* End PBXProject section */

/* Begin PBXResourcesBuildPhase section */
		460A380628AAAB7800206AE0 /* Resources */ = {
			isa = PBXResourcesBuildPhase;
			buildActionMask = 2147483647;
			files = (
				460A381B28AAAB7A00206AE0 /* LaunchScreen.storyboard in Resources */,
				460A381828AAAB7A00206AE0 /* Assets.xcassets in Resources */,
				460A381328AAAB7800206AE0 /* Main.storyboard in Resources */,
			);
			runOnlyForDeploymentPostprocessing = 0;
		};
/* End PBXResourcesBuildPhase section */

/* Begin PBXShellScriptBuildPhase section */
		5E2AFF7A88DD0EF82FED7E78 /* [CP] Check Pods Manifest.lock */ = {
			isa = PBXShellScriptBuildPhase;
			buildActionMask = 2147483647;
			files = (
			);
			inputFileListPaths = (
			);
			inputPaths = (
				"${PODS_PODFILE_DIR_PATH}/Podfile.lock",
				"${PODS_ROOT}/Manifest.lock",
			);
			name = "[CP] Check Pods Manifest.lock";
			outputFileListPaths = (
			);
			outputPaths = (
				"$(DERIVED_FILE_DIR)/Pods-Create Bottom Card-checkManifestLockResult.txt",
			);
			runOnlyForDeploymentPostprocessing = 0;
			shellPath = /bin/sh;
			shellScript = "diff \"${PODS_PODFILE_DIR_PATH}/Podfile.lock\" \"${PODS_ROOT}/Manifest.lock\" > /dev/null\nif [ $? != 0 ] ; then\n    # print error to STDERR\n    echo \"error: The sandbox is not in sync with the Podfile.lock. Run 'pod install' or update your CocoaPods installation.\" >&2\n    exit 1\nfi\n# This output is used by Xcode 'outputs' to avoid re-running this script phase.\necho \"SUCCESS\" > \"${SCRIPT_OUTPUT_FILE_0}\"\n";
			showEnvVarsInLog = 0;
		};
		C8F316AEE529F0C951C5DB2A /* [CP] Embed Pods Frameworks */ = {
			isa = PBXShellScriptBuildPhase;
			buildActionMask = 2147483647;
			files = (
			);
			inputFileListPaths = (
				"${PODS_ROOT}/Target Support Files/Pods-Create Bottom Card/Pods-Create Bottom Card-frameworks-${CONFIGURATION}-input-files.xcfilelist",
			);
			name = "[CP] Embed Pods Frameworks";
			outputFileListPaths = (
				"${PODS_ROOT}/Target Support Files/Pods-Create Bottom Card/Pods-Create Bottom Card-frameworks-${CONFIGURATION}-output-files.xcfilelist",
			);
			runOnlyForDeploymentPostprocessing = 0;
			shellPath = /bin/sh;
			shellScript = "\"${PODS_ROOT}/Target Support Files/Pods-Create Bottom Card/Pods-Create Bottom Card-frameworks.sh\"\n";
			showEnvVarsInLog = 0;
		};
/* End PBXShellScriptBuildPhase section */

/* Begin PBXSourcesBuildPhase section */
		460A380428AAAB7800206AE0 /* Sources */ = {
			isa = PBXSourcesBuildPhase;
			buildActionMask = 2147483647;
			files = (
				460A381628AAAB7800206AE0 /* Create_Bottom_Card.xcdatamodeld in Sources */,
				460A381028AAAB7800206AE0 /* ViewController.swift in Sources */,
				460A380C28AAAB7800206AE0 /* AppDelegate.swift in Sources */,
				460E5BFB28E0F713003EC60B /* SecondViewController.swift in Sources */,
				460A380E28AAAB7800206AE0 /* SceneDelegate.swift in Sources */,
			);
			runOnlyForDeploymentPostprocessing = 0;
		};
/* End PBXSourcesBuildPhase section */

/* Begin PBXVariantGroup section */
		460A381128AAAB7800206AE0 /* Main.storyboard */ = {
			isa = PBXVariantGroup;
			children = (
				460A381228AAAB7800206AE0 /* Base */,
			);
			name = Main.storyboard;
			sourceTree = "<group>";
		};
		460A381928AAAB7A00206AE0 /* LaunchScreen.storyboard */ = {
			isa = PBXVariantGroup;
			children = (
				460A381A28AAAB7A00206AE0 /* Base */,
			);
			name = LaunchScreen.storyboard;
			sourceTree = "<group>";
		};
/* End PBXVariantGroup section */

/* Begin XCBuildConfiguration section */
		460A381D28AAAB7A00206AE0 /* Debug */ = {
			isa = XCBuildConfiguration;
			buildSettings = {
				ALWAYS_SEARCH_USER_PATHS = NO;
				CLANG_ANALYZER_NONNULL = YES;
				CLANG_ANALYZER_NUMBER_OBJECT_CONVERSION = YES_AGGRESSIVE;
				CLANG_CXX_LANGUAGE_STANDARD = "gnu++17";
				CLANG_ENABLE_MODULES = YES;
				CLANG_ENABLE_OBJC_ARC = YES;
				CLANG_ENABLE_OBJC_WEAK = YES;
				CLANG_WARN_BLOCK_CAPTURE_AUTORELEASING = YES;
				CLANG_WARN_BOOL_CONVERSION = YES;
				CLANG_WARN_COMMA = YES;
				CLANG_WARN_CONSTANT_CONVERSION = YES;
				CLANG_WARN_DEPRECATED_OBJC_IMPLEMENTATIONS = YES;
				CLANG_WARN_DIRECT_OBJC_ISA_USAGE = YES_ERROR;
				CLANG_WARN_DOCUMENTATION_COMMENTS = YES;
				CLANG_WARN_EMPTY_BODY = YES;
				CLANG_WARN_ENUM_CONVERSION = YES;
				CLANG_WARN_INFINITE_RECURSION = YES;
				CLANG_WARN_INT_CONVERSION = YES;
				CLANG_WARN_NON_LITERAL_NULL_CONVERSION = YES;
				CLANG_WARN_OBJC_IMPLICIT_RETAIN_SELF = YES;
				CLANG_WARN_OBJC_LITERAL_CONVERSION = YES;
				CLANG_WARN_OBJC_ROOT_CLASS = YES_ERROR;
				CLANG_WARN_QUOTED_INCLUDE_IN_FRAMEWORK_HEADER = YES;
				CLANG_WARN_RANGE_LOOP_ANALYSIS = YES;
				CLANG_WARN_STRICT_PROTOTYPES = YES;
				CLANG_WARN_SUSPICIOUS_MOVE = YES;
				CLANG_WARN_UNGUARDED_AVAILABILITY = YES_AGGRESSIVE;
				CLANG_WARN_UNREACHABLE_CODE = YES;
				CLANG_WARN__DUPLICATE_METHOD_MATCH = YES;
				COPY_PHASE_STRIP = NO;
				DEBUG_INFORMATION_FORMAT = dwarf;
				ENABLE_STRICT_OBJC_MSGSEND = YES;
				ENABLE_TESTABILITY = YES;
				GCC_C_LANGUAGE_STANDARD = gnu11;
				GCC_DYNAMIC_NO_PIC = NO;
				GCC_NO_COMMON_BLOCKS = YES;
				GCC_OPTIMIZATION_LEVEL = 0;
				GCC_PREPROCESSOR_DEFINITIONS = (
					"DEBUG=1",
					"$(inherited)",
				);
				GCC_WARN_64_TO_32_BIT_CONVERSION = YES;
				GCC_WARN_ABOUT_RETURN_TYPE = YES_ERROR;
				GCC_WARN_UNDECLARED_SELECTOR = YES;
				GCC_WARN_UNINITIALIZED_AUTOS = YES_AGGRESSIVE;
				GCC_WARN_UNUSED_FUNCTION = YES;
				GCC_WARN_UNUSED_VARIABLE = YES;
				IPHONEOS_DEPLOYMENT_TARGET = 15.5;
				MTL_ENABLE_DEBUG_INFO = INCLUDE_SOURCE;
				MTL_FAST_MATH = YES;
				ONLY_ACTIVE_ARCH = YES;
				SDKROOT = iphoneos;
				SWIFT_ACTIVE_COMPILATION_CONDITIONS = DEBUG;
				SWIFT_OPTIMIZATION_LEVEL = "-Onone";
			};
			name = Debug;
		};
		460A381E28AAAB7A00206AE0 /* Release */ = {
			isa = XCBuildConfiguration;
			buildSettings = {
				ALWAYS_SEARCH_USER_PATHS = NO;
				CLANG_ANALYZER_NONNULL = YES;
				CLANG_ANALYZER_NUMBER_OBJECT_CONVERSION = YES_AGGRESSIVE;
				CLANG_CXX_LANGUAGE_STANDARD = "gnu++17";
				CLANG_ENABLE_MODULES = YES;
				CLANG_ENABLE_OBJC_ARC = YES;
				CLANG_ENABLE_OBJC_WEAK = YES;
				CLANG_WARN_BLOCK_CAPTURE_AUTORELEASING = YES;
				CLANG_WARN_BOOL_CONVERSION = YES;
				CLANG_WARN_COMMA = YES;
				CLANG_WARN_CONSTANT_CONVERSION = YES;
				CLANG_WARN_DEPRECATED_OBJC_IMPLEMENTATIONS = YES;
				CLANG_WARN_DIRECT_OBJC_ISA_USAGE = YES_ERROR;
				CLANG_WARN_DOCUMENTATION_COMMENTS = YES;
				CLANG_WARN_EMPTY_BODY = YES;
				CLANG_WARN_ENUM_CONVERSION = YES;
				CLANG_WARN_INFINITE_RECURSION = YES;
				CLANG_WARN_INT_CONVERSION = YES;
				CLANG_WARN_NON_LITERAL_NULL_CONVERSION = YES;
				CLANG_WARN_OBJC_IMPLICIT_RETAIN_SELF = YES;
				CLANG_WARN_OBJC_LITERAL_CONVERSION = YES;
				CLANG_WARN_OBJC_ROOT_CLASS = YES_ERROR;
				CLANG_WARN_QUOTED_INCLUDE_IN_FRAMEWORK_HEADER = YES;
				CLANG_WARN_RANGE_LOOP_ANALYSIS = YES;
				CLANG_WARN_STRICT_PROTOTYPES = YES;
				CLANG_WARN_SUSPICIOUS_MOVE = YES;
				CLANG_WARN_UNGUARDED_AVAILABILITY = YES_AGGRESSIVE;
				CLANG_WARN_UNREACHABLE_CODE = YES;
				CLANG_WARN__DUPLICATE_METHOD_MATCH = YES;
				COPY_PHASE_STRIP = NO;
				DEBUG_INFORMATION_FORMAT = "dwarf-with-dsym";
				ENABLE_NS_ASSERTIONS = NO;
				ENABLE_STRICT_OBJC_MSGSEND = YES;
				GCC_C_LANGUAGE_STANDARD = gnu11;
				GCC_NO_COMMON_BLOCKS = YES;
				GCC_WARN_64_TO_32_BIT_CONVERSION = YES;
				GCC_WARN_ABOUT_RETURN_TYPE = YES_ERROR;
				GCC_WARN_UNDECLARED_SELECTOR = YES;
				GCC_WARN_UNINITIALIZED_AUTOS = YES_AGGRESSIVE;
				GCC_WARN_UNUSED_FUNCTION = YES;
				GCC_WARN_UNUSED_VARIABLE = YES;
				IPHONEOS_DEPLOYMENT_TARGET = 15.5;
				MTL_ENABLE_DEBUG_INFO = NO;
				MTL_FAST_MATH = YES;
				SDKROOT = iphoneos;
				SWIFT_COMPILATION_MODE = wholemodule;
				SWIFT_OPTIMIZATION_LEVEL = "-O";
				VALIDATE_PRODUCT = YES;
			};
			name = Release;
		};
		460A382028AAAB7A00206AE0 /* Debug */ = {
			isa = XCBuildConfiguration;
			baseConfigurationReference = 0FAC18D5A021195188D19E96 /* Pods-Create Bottom Card.debug.xcconfig */;
			buildSettings = {
				ASSETCATALOG_COMPILER_APPICON_NAME = AppIcon;
				ASSETCATALOG_COMPILER_GLOBAL_ACCENT_COLOR_NAME = AccentColor;
				CODE_SIGN_STYLE = Automatic;
				CURRENT_PROJECT_VERSION = 1;
				GENERATE_INFOPLIST_FILE = YES;
				INFOPLIST_FILE = "Create Bottom Card/Info.plist";
				INFOPLIST_KEY_UIApplicationSupportsIndirectInputEvents = YES;
				INFOPLIST_KEY_UILaunchStoryboardName = LaunchScreen;
				INFOPLIST_KEY_UIMainStoryboardFile = Main;
				INFOPLIST_KEY_UISupportedInterfaceOrientations_iPad = "UIInterfaceOrientationPortrait UIInterfaceOrientationPortraitUpsideDown UIInterfaceOrientationLandscapeLeft UIInterfaceOrientationLandscapeRight";
				INFOPLIST_KEY_UISupportedInterfaceOrientations_iPhone = "UIInterfaceOrientationPortrait UIInterfaceOrientationLandscapeLeft UIInterfaceOrientationLandscapeRight";
				LD_RUNPATH_SEARCH_PATHS = (
					"$(inherited)",
					"@executable_path/Frameworks",
				);
				MARKETING_VERSION = 1.0;
				PRODUCT_BUNDLE_IDENTIFIER = "com.rustam.Create-Bottom-Card";
				PRODUCT_NAME = "$(TARGET_NAME)";
				SWIFT_EMIT_LOC_STRINGS = YES;
				SWIFT_VERSION = 5.0;
				TARGETED_DEVICE_FAMILY = "1,2";
			};
			name = Debug;
		};
		460A382128AAAB7A00206AE0 /* Release */ = {
			isa = XCBuildConfiguration;
			baseConfigurationReference = 3E19DDF50EBF7424F59E7270 /* Pods-Create Bottom Card.release.xcconfig */;
			buildSettings = {
				ASSETCATALOG_COMPILER_APPICON_NAME = AppIcon;
				ASSETCATALOG_COMPILER_GLOBAL_ACCENT_COLOR_NAME = AccentColor;
				CODE_SIGN_STYLE = Automatic;
				CURRENT_PROJECT_VERSION = 1;
				GENERATE_INFOPLIST_FILE = YES;
				INFOPLIST_FILE = "Create Bottom Card/Info.plist";
				INFOPLIST_KEY_UIApplicationSupportsIndirectInputEvents = YES;
				INFOPLIST_KEY_UILaunchStoryboardName = LaunchScreen;
				INFOPLIST_KEY_UIMainStoryboardFile = Main;
				INFOPLIST_KEY_UISupportedInterfaceOrientations_iPad = "UIInterfaceOrientationPortrait UIInterfaceOrientationPortraitUpsideDown UIInterfaceOrientationLandscapeLeft UIInterfaceOrientationLandscapeRight";
				INFOPLIST_KEY_UISupportedInterfaceOrientations_iPhone = "UIInterfaceOrientationPortrait UIInterfaceOrientationLandscapeLeft UIInterfaceOrientationLandscapeRight";
				LD_RUNPATH_SEARCH_PATHS = (
					"$(inherited)",
					"@executable_path/Frameworks",
				);
				MARKETING_VERSION = 1.0;
				PRODUCT_BUNDLE_IDENTIFIER = "com.rustam.Create-Bottom-Card";
				PRODUCT_NAME = "$(TARGET_NAME)";
				SWIFT_EMIT_LOC_STRINGS = YES;
				SWIFT_VERSION = 5.0;
				TARGETED_DEVICE_FAMILY = "1,2";
			};
			name = Release;
		};
/* End XCBuildConfiguration section */

/* Begin XCConfigurationList section */
		460A380328AAAB7800206AE0 /* Build configuration list for PBXProject "Create Bottom Card" */ = {
			isa = XCConfigurationList;
			buildConfigurations = (
				460A381D28AAAB7A00206AE0 /* Debug */,
				460A381E28AAAB7A00206AE0 /* Release */,
			);
			defaultConfigurationIsVisible = 0;
			defaultConfigurationName = Release;
		};
		460A381F28AAAB7A00206AE0 /* Build configuration list for PBXNativeTarget "Create Bottom Card" */ = {
			isa = XCConfigurationList;
			buildConfigurations = (
				460A382028AAAB7A00206AE0 /* Debug */,
				460A382128AAAB7A00206AE0 /* Release */,
			);
			defaultConfigurationIsVisible = 0;
			defaultConfigurationName = Release;
		};
/* End XCConfigurationList section */

/* Begin XCVersionGroup section */
		460A381428AAAB7800206AE0 /* Create_Bottom_Card.xcdatamodeld */ = {
			isa = XCVersionGroup;
			children = (
				460A381528AAAB7800206AE0 /* Create_Bottom_Card.xcdatamodel */,
			);
			currentVersion = 460A381528AAAB7800206AE0 /* Create_Bottom_Card.xcdatamodel */;
			path = Create_Bottom_Card.xcdatamodeld;
			sourceTree = "<group>";
			versionGroupType = wrapper.xcdatamodel;
		};
/* End XCVersionGroup section */
	};
	rootObject = 460A380028AAAB7800206AE0 /* Project object */;
}
